{
  "pins" : [
    {
      "identity" : "domain",
      "kind" : "remoteSourceControl",
      "location" : "https://github.com/ehddnr3473/Domain.git",
      "state" : {
        "revision" : "bb19357d84001507086280c7e302785f3f8cd4f3",
        "version" : "1.6.1"
      }
    },
    {
      "identity" : "googlemapsgeocodingswift",
      "kind" : "remoteSourceControl",
      "location" : "https://github.com/ehddnr3473/GoogleMapsGeoCodingSwift.git",
      "state" : {
        "revision" : "35cf04501d61c866320c05185e80f10f342f3667",
        "version" : "0.0.4"
      }
    }
  ],
  "version" : 2
}
