{
  "pins" : [
    {
      "identity" : "domain",
      "kind" : "remoteSourceControl",
      "location" : "https://github.com/ehddnr3473/Domain.git",
      "state" : {
        "revision" : "bb19357d84001507086280c7e302785f3f8cd4f3",
        "version" : "1.6.1"
      }
    },
    {
      "identity" : "googlemapsgeocodingswift",
      "kind" : "remoteSourceControl",
      "location" : "https://github.com/ehddnr3473/GoogleMapsGeoCodingSwift.git",
      "state" : {
        "revision" : "c692a128e8d4d252ae8aef96e489ef23a3951412",
        "version" : "0.0.1"
      }
    }
  ],
  "version" : 2
}
